
Microsoft Visual Studio Solution File, Format Version 12.00
# Visual Studio Version 17
VisualStudioVersion = 17.7.34031.279
MinimumVisualStudioVersion = 10.0.40219.1
Project("{FAE04EC0-301F-11D3-BF4B-00C04F79EFBC}") = "courseworkPolishchuk1", "courseworkPolishchuk1.csproj", "{D06EF801-DEF5-4F78-90C2-FFA2B336556A}"
EndProject
Global
	GlobalSection(SolutionConfigurationPlatforms) = preSolution
		Debug|Any CPU = Debug|Any CPU
		Release|Any CPU = Release|Any CPU
	EndGlobalSection
	GlobalSection(ProjectConfigurationPlatforms) = postSolution
		{D06EF801-DEF5-4F78-90C2-FFA2B336556A}.Debug|Any CPU.ActiveCfg = Debug|Any CPU
		{D06EF801-DEF5-4F78-90C2-FFA2B336556A}.Debug|Any CPU.Build.0 = Debug|Any CPU
		{D06EF801-DEF5-4F78-90C2-FFA2B336556A}.Release|Any CPU.ActiveCfg = Release|Any CPU
		{D06EF801-DEF5-4F78-90C2-FFA2B336556A}.Release|Any CPU.Build.0 = Release|Any CPU
	EndGlobalSection
	GlobalSection(SolutionProperties) = preSolution
		HideSolutionNode = FALSE
	EndGlobalSection
	GlobalSection(ExtensibilityGlobals) = postSolution
		SolutionGuid = {B1E6F424-4DD6-48CA-8661-6249FD68D784}
	EndGlobalSection
EndGlobal
